
Microsoft Visual Studio Solution File, Format Version 12.00
# Visual Studio Version 17
VisualStudioVersion = 17.5.33516.290
MinimumVisualStudioVersion = 10.0.40219.1
Project("{2150E333-8FDC-42A3-9474-1A3956D46DE8}") = "Backend", "Backend", "{6D88A4D3-8E53-4396-9963-62C24EF82883}"
EndProject
Project("{9A19103F-16F7-4668-BE54-9A1E7A4F7556}") = "SGAA.Api", "Backend\SGAA.Api\SGAA.Api.csproj", "{45BA5C17-B128-446C-A4BE-CA269C49BEFA}"
EndProject
Project("{9A19103F-16F7-4668-BE54-9A1E7A4F7556}") = "SGAA.Repository", "Backend\SGAA.Repository\SGAA.Repository.csproj", "{8661962B-1770-4670-B4C8-49EAD431B44B}"
EndProject
Project("{9A19103F-16F7-4668-BE54-9A1E7A4F7556}") = "SGAA.Service", "Backend\SGAA.Service\SGAA.Service.csproj", "{B402016F-101F-4238-B91D-F66A998BB063}"
EndProject
Project("{9A19103F-16F7-4668-BE54-9A1E7A4F7556}") = "SGAA.Utils", "Backend\SGAA.Utils\SGAA.Utils.csproj", "{3A876E7D-CE88-4DEF-B025-E364A7FEDBCC}"
EndProject
Project("{2150E333-8FDC-42A3-9474-1A3956D46DE8}") = "Frontend", "Frontend", "{D6B366D4-8450-4EDC-8B46-8777BF377E48}"
EndProject
Project("{2150E333-8FDC-42A3-9474-1A3956D46DE8}") = "Solution Items", "Solution Items", "{995CD151-43CD-49C6-B9DC-7977EB0E87EC}"
	ProjectSection(SolutionItems) = preProject
		.gitignore = .gitignore
		README.md = README.md
	EndProjectSection
EndProject
Project("{E53339B2-1760-4266-BCC7-CA923CBCF16C}") = "docker-compose", "docker-compose.dcproj", "{39498B2A-E03D-4A82-98F1-2D7B04DF09CB}"
EndProject
Project("{9A19103F-16F7-4668-BE54-9A1E7A4F7556}") = "SGAA.Models", "Backend\SGAA.Models\SGAA.Models.csproj", "{816129DF-53A4-4CBC-848F-BD1691B3C4DD}"
EndProject
Project("{9A19103F-16F7-4668-BE54-9A1E7A4F7556}") = "SGAA.Domain", "Backend\SGAA.Domain\SGAA.Domain.csproj", "{B0A8262F-9E08-4561-B311-43909FA990C1}"
EndProject
Project("{9A19103F-16F7-4668-BE54-9A1E7A4F7556}") = "SGAA.Emails", "Backend\SGAA.Emails\SGAA.Emails.csproj", "{DEED122F-7F4D-48D1-8F1B-88B44AD90FFD}"
EndProject
Project("{9A19103F-16F7-4668-BE54-9A1E7A4F7556}") = "SGAA.Documents", "Backend\SGAA.Documents\SGAA.Documents.csproj", "{47E0DB3F-F54A-4AB8-85E7-4F67AC5A9247}"
EndProject
Global
	GlobalSection(SolutionConfigurationPlatforms) = preSolution
		Debug|Any CPU = Debug|Any CPU
		Release|Any CPU = Release|Any CPU
	EndGlobalSection
	GlobalSection(ProjectConfigurationPlatforms) = postSolution
		{45BA5C17-B128-446C-A4BE-CA269C49BEFA}.Debug|Any CPU.ActiveCfg = Debug|Any CPU
		{45BA5C17-B128-446C-A4BE-CA269C49BEFA}.Debug|Any CPU.Build.0 = Debug|Any CPU
		{45BA5C17-B128-446C-A4BE-CA269C49BEFA}.Release|Any CPU.ActiveCfg = Release|Any CPU
		{45BA5C17-B128-446C-A4BE-CA269C49BEFA}.Release|Any CPU.Build.0 = Release|Any CPU
		{8661962B-1770-4670-B4C8-49EAD431B44B}.Debug|Any CPU.ActiveCfg = Debug|Any CPU
		{8661962B-1770-4670-B4C8-49EAD431B44B}.Debug|Any CPU.Build.0 = Debug|Any CPU
		{8661962B-1770-4670-B4C8-49EAD431B44B}.Release|Any CPU.ActiveCfg = Release|Any CPU
		{8661962B-1770-4670-B4C8-49EAD431B44B}.Release|Any CPU.Build.0 = Release|Any CPU
		{B402016F-101F-4238-B91D-F66A998BB063}.Debug|Any CPU.ActiveCfg = Debug|Any CPU
		{B402016F-101F-4238-B91D-F66A998BB063}.Debug|Any CPU.Build.0 = Debug|Any CPU
		{B402016F-101F-4238-B91D-F66A998BB063}.Release|Any CPU.ActiveCfg = Release|Any CPU
		{B402016F-101F-4238-B91D-F66A998BB063}.Release|Any CPU.Build.0 = Release|Any CPU
		{3A876E7D-CE88-4DEF-B025-E364A7FEDBCC}.Debug|Any CPU.ActiveCfg = Debug|Any CPU
		{3A876E7D-CE88-4DEF-B025-E364A7FEDBCC}.Debug|Any CPU.Build.0 = Debug|Any CPU
		{3A876E7D-CE88-4DEF-B025-E364A7FEDBCC}.Release|Any CPU.ActiveCfg = Release|Any CPU
		{3A876E7D-CE88-4DEF-B025-E364A7FEDBCC}.Release|Any CPU.Build.0 = Release|Any CPU
		{39498B2A-E03D-4A82-98F1-2D7B04DF09CB}.Debug|Any CPU.ActiveCfg = Debug|Any CPU
		{39498B2A-E03D-4A82-98F1-2D7B04DF09CB}.Debug|Any CPU.Build.0 = Debug|Any CPU
		{39498B2A-E03D-4A82-98F1-2D7B04DF09CB}.Release|Any CPU.ActiveCfg = Release|Any CPU
		{39498B2A-E03D-4A82-98F1-2D7B04DF09CB}.Release|Any CPU.Build.0 = Release|Any CPU
		{816129DF-53A4-4CBC-848F-BD1691B3C4DD}.Debug|Any CPU.ActiveCfg = Debug|Any CPU
		{816129DF-53A4-4CBC-848F-BD1691B3C4DD}.Debug|Any CPU.Build.0 = Debug|Any CPU
		{816129DF-53A4-4CBC-848F-BD1691B3C4DD}.Release|Any CPU.ActiveCfg = Release|Any CPU
		{816129DF-53A4-4CBC-848F-BD1691B3C4DD}.Release|Any CPU.Build.0 = Release|Any CPU
		{B0A8262F-9E08-4561-B311-43909FA990C1}.Debug|Any CPU.ActiveCfg = Debug|Any CPU
		{B0A8262F-9E08-4561-B311-43909FA990C1}.Debug|Any CPU.Build.0 = Debug|Any CPU
		{B0A8262F-9E08-4561-B311-43909FA990C1}.Release|Any CPU.ActiveCfg = Release|Any CPU
		{B0A8262F-9E08-4561-B311-43909FA990C1}.Release|Any CPU.Build.0 = Release|Any CPU
		{DEED122F-7F4D-48D1-8F1B-88B44AD90FFD}.Debug|Any CPU.ActiveCfg = Debug|Any CPU
		{DEED122F-7F4D-48D1-8F1B-88B44AD90FFD}.Debug|Any CPU.Build.0 = Debug|Any CPU
		{DEED122F-7F4D-48D1-8F1B-88B44AD90FFD}.Release|Any CPU.ActiveCfg = Release|Any CPU
		{DEED122F-7F4D-48D1-8F1B-88B44AD90FFD}.Release|Any CPU.Build.0 = Release|Any CPU
		{47E0DB3F-F54A-4AB8-85E7-4F67AC5A9247}.Debug|Any CPU.ActiveCfg = Debug|Any CPU
		{47E0DB3F-F54A-4AB8-85E7-4F67AC5A9247}.Debug|Any CPU.Build.0 = Debug|Any CPU
		{47E0DB3F-F54A-4AB8-85E7-4F67AC5A9247}.Release|Any CPU.ActiveCfg = Release|Any CPU
		{47E0DB3F-F54A-4AB8-85E7-4F67AC5A9247}.Release|Any CPU.Build.0 = Release|Any CPU
	EndGlobalSection
	GlobalSection(SolutionProperties) = preSolution
		HideSolutionNode = FALSE
	EndGlobalSection
	GlobalSection(NestedProjects) = preSolution
		{45BA5C17-B128-446C-A4BE-CA269C49BEFA} = {6D88A4D3-8E53-4396-9963-62C24EF82883}
		{8661962B-1770-4670-B4C8-49EAD431B44B} = {6D88A4D3-8E53-4396-9963-62C24EF82883}
		{B402016F-101F-4238-B91D-F66A998BB063} = {6D88A4D3-8E53-4396-9963-62C24EF82883}
		{3A876E7D-CE88-4DEF-B025-E364A7FEDBCC} = {6D88A4D3-8E53-4396-9963-62C24EF82883}
		{816129DF-53A4-4CBC-848F-BD1691B3C4DD} = {6D88A4D3-8E53-4396-9963-62C24EF82883}
		{B0A8262F-9E08-4561-B311-43909FA990C1} = {6D88A4D3-8E53-4396-9963-62C24EF82883}
		{DEED122F-7F4D-48D1-8F1B-88B44AD90FFD} = {6D88A4D3-8E53-4396-9963-62C24EF82883}
		{47E0DB3F-F54A-4AB8-85E7-4F67AC5A9247} = {6D88A4D3-8E53-4396-9963-62C24EF82883}
	EndGlobalSection
	GlobalSection(ExtensibilityGlobals) = postSolution
		SolutionGuid = {16EE327D-1093-42A8-9C03-518A0B7AEE6F}
	EndGlobalSection
EndGlobal
